
Microsoft Visual Studio Solution File, Format Version 12.00
# Visual Studio Version 17
VisualStudioVersion = 17.6.33513.286
MinimumVisualStudioVersion = 10.0.40219.1
Project("{9A19103F-16F7-4668-BE54-9A1E7A4F7556}") = "MakeWeBet_Test", "MakeWeBet_Test\MakeWeBet_Test.csproj", "{7BF0ECA0-96DE-49FE-ACB4-3B2052BDDF36}"
EndProject
Project("{FAE04EC0-301F-11D3-BF4B-00C04F79EFBC}") = "MakeWeBet_Test_Domain", "MakeWeBet_Test_Domain\MakeWeBet_Test_Domain.csproj", "{377E9392-7C76-4334-8FE9-AAD9188DA723}"
EndProject
Project("{FAE04EC0-301F-11D3-BF4B-00C04F79EFBC}") = "MakeWeBet_Test_Core", "MakeWeBet_Test_Core\MakeWeBet_Test_Core.csproj", "{5237170B-5329-493A-987F-B73B0F1F339B}"
EndProject
Global
	GlobalSection(SolutionConfigurationPlatforms) = preSolution
		Debug|Any CPU = Debug|Any CPU
		Release|Any CPU = Release|Any CPU
	EndGlobalSection
	GlobalSection(ProjectConfigurationPlatforms) = postSolution
		{7BF0ECA0-96DE-49FE-ACB4-3B2052BDDF36}.Debug|Any CPU.ActiveCfg = Debug|Any CPU
		{7BF0ECA0-96DE-49FE-ACB4-3B2052BDDF36}.Debug|Any CPU.Build.0 = Debug|Any CPU
		{7BF0ECA0-96DE-49FE-ACB4-3B2052BDDF36}.Release|Any CPU.ActiveCfg = Release|Any CPU
		{7BF0ECA0-96DE-49FE-ACB4-3B2052BDDF36}.Release|Any CPU.Build.0 = Release|Any CPU
		{377E9392-7C76-4334-8FE9-AAD9188DA723}.Debug|Any CPU.ActiveCfg = Debug|Any CPU
		{377E9392-7C76-4334-8FE9-AAD9188DA723}.Debug|Any CPU.Build.0 = Debug|Any CPU
		{377E9392-7C76-4334-8FE9-AAD9188DA723}.Release|Any CPU.ActiveCfg = Release|Any CPU
		{377E9392-7C76-4334-8FE9-AAD9188DA723}.Release|Any CPU.Build.0 = Release|Any CPU
		{5237170B-5329-493A-987F-B73B0F1F339B}.Debug|Any CPU.ActiveCfg = Debug|Any CPU
		{5237170B-5329-493A-987F-B73B0F1F339B}.Debug|Any CPU.Build.0 = Debug|Any CPU
		{5237170B-5329-493A-987F-B73B0F1F339B}.Release|Any CPU.ActiveCfg = Release|Any CPU
		{5237170B-5329-493A-987F-B73B0F1F339B}.Release|Any CPU.Build.0 = Release|Any CPU
	EndGlobalSection
	GlobalSection(SolutionProperties) = preSolution
		HideSolutionNode = FALSE
	EndGlobalSection
	GlobalSection(ExtensibilityGlobals) = postSolution
		SolutionGuid = {B9C3860B-E41F-46E3-80D2-E91BC69BE8BB}
	EndGlobalSection
EndGlobal
